// !$*UTF8*$!
{
	archiveVersion = 1;
	classes = {
	};
	objectVersion = 46;
	objects = {
/* Begin PBXBuildFile section */
		0207DA581B56EA530066E2B4 /* Images.xcassets in Resources */ = {isa = PBXBuildFile; fileRef = 0207DA571B56EA530066E2B4 /* Images.xcassets */; };
		1D3623260D0F684500981E51 /* AppDelegate.m in Sources */ = {isa = PBXBuildFile; fileRef = 1D3623250D0F684500981E51 /* AppDelegate.m */; };
		1D60589B0D05DD56006BFB54 /* main.m in Sources */ = {isa = PBXBuildFile; fileRef = 29B97316FDCFA39411CA2CEA /* main.m */; };
		301BF552109A68D80062928A /* libCordova.a in Frameworks */ = {isa = PBXBuildFile; fileRef = 301BF535109A57CC0062928A /* libCordova.a */; };
		302D95F114D2391D003F00A1 /* MainViewController.m in Sources */ = {isa = PBXBuildFile; fileRef = 302D95EF14D2391D003F00A1 /* MainViewController.m */; };
		302D95F214D2391D003F00A1 /* MainViewController.xib in Resources */ = {isa = PBXBuildFile; fileRef = 302D95F014D2391D003F00A1 /* MainViewController.xib */; };
		3047A5121AB8059700498E2A /* build-debug.xcconfig in Resources */ = {isa = PBXBuildFile; fileRef = 3047A50F1AB8059700498E2A /* build-debug.xcconfig */; };
		3047A5131AB8059700498E2A /* build-release.xcconfig in Resources */ = {isa = PBXBuildFile; fileRef = 3047A5101AB8059700498E2A /* build-release.xcconfig */; };
		3047A5141AB8059700498E2A /* build.xcconfig in Resources */ = {isa = PBXBuildFile; fileRef = 3047A5111AB8059700498E2A /* build.xcconfig */; };
		75753FAA8F29425A94518F56 /* ImageIO.framework in Frameworks */ = {isa = PBXBuildFile; fileRef = 1AD8FB7F0C8C41D990134971 /* ImageIO.framework */; settings = {ATTRIBUTES = (Weak, ); }; };
		018487A9972745F7A372DDAC /* CoreLocation.framework in Frameworks */ = {isa = PBXBuildFile; fileRef = 8041F1DD84CA45F6A18F895D /* CoreLocation.framework */; };
		1404C35F620A47839AF249A5 /* AVFoundation.framework in Frameworks */ = {isa = PBXBuildFile; fileRef = 2668B11B4BF446B4883B75AA /* AVFoundation.framework */; };
		420DBA62AA704D1EB358E2C5 /* UIImage+CropScaleOrientation.m in Sources */ = {isa = PBXBuildFile; fileRef = FE5C61E4FC224407AE2DD7E8 /* UIImage+CropScaleOrientation.m */; };
		9C09E9ACCC3846159D6105AA /* CDVCamera.m in Sources */ = {isa = PBXBuildFile; fileRef = 7894906C348D4C0BB9BCA097 /* CDVCamera.m */; };
		185B53A371B54100AD5E83C0 /* CDVJpegHeaderWriter.m in Sources */ = {isa = PBXBuildFile; fileRef = 09EB4E5D362340628C281FCC /* CDVJpegHeaderWriter.m */; };
		BE3C2F9B151B4909B929978A /* CDVDevice.m in Sources */ = {isa = PBXBuildFile; fileRef = F0F9418C4E8744E7B220D679 /* CDVDevice.m */; };
		25DFD36B025E40AEB6DE242C /* CDVFile.m in Sources */ = {isa = PBXBuildFile; fileRef = 9E55CD0D618B45C8BA97C1C6 /* CDVFile.m */; };
		97325EA0162846FEB219B9FE /* CDVLocalFilesystem.m in Sources */ = {isa = PBXBuildFile; fileRef = 3ECFE8BE7AF64369930CD533 /* CDVLocalFilesystem.m */; };
		0620C811B25140E2AB133B76 /* CDVAssetLibraryFilesystem.m in Sources */ = {isa = PBXBuildFile; fileRef = 1212CFED6BC243B59F30B128 /* CDVAssetLibraryFilesystem.m */; };
		0506210D8E85457199A4D049 /* CDVFileTransfer.m in Sources */ = {isa = PBXBuildFile; fileRef = D9790F9B69604A248AF3DB6D /* CDVFileTransfer.m */; };
		D370C50A44AA48AB9B9A7214 /* CDVSplashScreen.m in Sources */ = {isa = PBXBuildFile; fileRef = F3B0033611144F15BF63CDB8 /* CDVSplashScreen.m */; };
		1FA4634F1B044C7296A79487 /* CDVViewController+SplashScreen.m in Sources */ = {isa = PBXBuildFile; fileRef = 777CA9618E9D4D1BA6468735 /* CDVViewController+SplashScreen.m */; };
		F00FFDBD64F940F2A2B4F670 /* CDVStatusBar.m in Sources */ = {isa = PBXBuildFile; fileRef = 83AF6327119C4BD8B944CABA /* CDVStatusBar.m */; };
		F8259705CFE34279B800FF11 /* IonicConstant.m in Sources */ = {isa = PBXBuildFile; fileRef = 3176816EC4CB4E009390730E /* IonicConstant.m */; };
		00AC05CB83A64DCDBF4EAEDD /* IonicDeploy.m in Sources */ = {isa = PBXBuildFile; fileRef = 4127E81855BE4ECEA2419ABE /* IonicDeploy.m */; };
		DC70128E1457455486D16762 /* Download.m in Sources */ = {isa = PBXBuildFile; fileRef = 6F0C0FCB856D4879BA5BC949 /* Download.m */; };
		D8A940D98D8540C39A1370B6 /* DownloadManager.m in Sources */ = {isa = PBXBuildFile; fileRef = 31CFE5FEB9064E519D4E1123 /* DownloadManager.m */; };
		CE7342FC3BDD49498154FDFE /* SSZipArchive.m in Sources */ = {isa = PBXBuildFile; fileRef = B3B6264646EA47C993998158 /* SSZipArchive.m */; };
		392190A3646A478EBF05EBAA /* ioapi.c in Resources */ = {isa = PBXBuildFile; fileRef = 07885A71C22C4755AEEEE883 /* ioapi.c */; };
		8290AF96134C4E5285D64A40 /* unzip.c in Resources */ = {isa = PBXBuildFile; fileRef = CCA8E5BFA1574EE1B87CFECD /* unzip.c */; };
		A665AEE66C6E4F77A908A8EF /* zip.c in Resources */ = {isa = PBXBuildFile; fileRef = 061B48D0C8C441D680A848C7 /* zip.c */; };
		185638426855486089E6DB50 /* adler32.c in Resources */ = {isa = PBXBuildFile; fileRef = 6B3FC8B2E32A4EC3852E6CC3 /* adler32.c */; };
		F50BB02BEE2A4276BD992B5C /* compress.c in Resources */ = {isa = PBXBuildFile; fileRef = FC31D48371424E019F5B383E /* compress.c */; };
		EB9D33DAA9A74F20887CB633 /* crc32.c in Resources */ = {isa = PBXBuildFile; fileRef = EAAA0B16740A4B028CB74EFF /* crc32.c */; };
		DA4319EAD9704E199E16D085 /* deflate.c in Resources */ = {isa = PBXBuildFile; fileRef = 7BD98CCA2952405EB9C92934 /* deflate.c */; };
		EB470F4D37794ECF8D320DDB /* gzclose.c in Resources */ = {isa = PBXBuildFile; fileRef = F1A371A273D14B3DADEAC6BF /* gzclose.c */; };
		0D99D15FECE54913A957F961 /* gzlib.c in Resources */ = {isa = PBXBuildFile; fileRef = 278CF80D9DDC41E396A23832 /* gzlib.c */; };
		AA513244BF1740548EAE3B86 /* gzread.c in Resources */ = {isa = PBXBuildFile; fileRef = 353D08A817544FD4A2DC8364 /* gzread.c */; };
		3BC5886F51DB4D23B0DDC65C /* gzwrite.c in Resources */ = {isa = PBXBuildFile; fileRef = C017F574E7694964A1E519BB /* gzwrite.c */; };
		682C724334744BC1ADAFB279 /* infback.c in Resources */ = {isa = PBXBuildFile; fileRef = CF1845D3A0F04AB5B30EDCA9 /* infback.c */; };
		0CD6CBF62AC04DFCA890857E /* inffast.c in Resources */ = {isa = PBXBuildFile; fileRef = F2D064D6863A4BA7BB2FD510 /* inffast.c */; };
		DA0416C55A904463A6D5BF00 /* inflate.c in Resources */ = {isa = PBXBuildFile; fileRef = D60C1C485CF942CFA436B8F8 /* inflate.c */; };
		A83BFFCDF0184CD692D274C0 /* inftrees.c in Resources */ = {isa = PBXBuildFile; fileRef = 652D695A56FC4E88B11CD515 /* inftrees.c */; };
		E64825FD539C4D7F9111500C /* trees.c in Resources */ = {isa = PBXBuildFile; fileRef = C988E765EECF4398A4278CB3 /* trees.c */; };
		F41F772F48844F39B0A730CB /* uncompr.c in Resources */ = {isa = PBXBuildFile; fileRef = 1B8D27EF03B5422B9AB48B85 /* uncompr.c */; };
		8C2F8C9AF1924CFB83A11C06 /* zutil.c in Resources */ = {isa = PBXBuildFile; fileRef = 25EC267D25CA44FBA545A6BC /* zutil.c */; };
		E49F75FCF6BB468CB7B44DB2 /* Base64.m in Sources */ = {isa = PBXBuildFile; fileRef = 866696C116FD477E9986C542 /* Base64.m */; };
		DCA49A1528D844FCB53C07DF /* UNIHTTPClientHelper.m in Sources */ = {isa = PBXBuildFile; fileRef = 0064890B48EB48049D3E5D54 /* UNIHTTPClientHelper.m */; };
		3207FC9893D440DCA92BFAE3 /* UNIHTTPRequest.m in Sources */ = {isa = PBXBuildFile; fileRef = C3693655DB4D48DF9CFB79BD /* UNIHTTPRequest.m */; };
		39B661529E0B486F882B269E /* UNIHTTPRequestWithBody.m in Sources */ = {isa = PBXBuildFile; fileRef = 0321EE8021FD43608E10AB43 /* UNIHTTPRequestWithBody.m */; };
		6C2483A8B984428F9AF4F6E1 /* UNIRest.m in Sources */ = {isa = PBXBuildFile; fileRef = AD4235DBDED84D8BAC471026 /* UNIRest.m */; };
		6653F865BE2049D49CF004F2 /* UNIUrlConnection.m in Sources */ = {isa = PBXBuildFile; fileRef = 32B0F6DF7F904D5C92063DFE /* UNIUrlConnection.m */; };
		BCF4368E6F834437B17EDA38 /* UNIBaseRequest.m in Sources */ = {isa = PBXBuildFile; fileRef = E4466C0681264E65AB4CCDE8 /* UNIBaseRequest.m */; };
		C55CC91DA38C4E1DA120AC4E /* UNIBodyRequest.m in Sources */ = {isa = PBXBuildFile; fileRef = A3961DE7CA544255A4F8FC24 /* UNIBodyRequest.m */; };
		E343580F4EBD4BD9A030EC73 /* UNISimpleRequest.m in Sources */ = {isa = PBXBuildFile; fileRef = 6419C162197344F5B24CE393 /* UNISimpleRequest.m */; };
		9A8CDA0AB65C4FCA93D424B3 /* UNIHTTPBinaryResponse.m in Sources */ = {isa = PBXBuildFile; fileRef = DF4895C42F784B9D8E22227B /* UNIHTTPBinaryResponse.m */; };
		EEA8580E37D1490DB535CD48 /* UNIHTTPJsonResponse.m in Sources */ = {isa = PBXBuildFile; fileRef = CBD9EA32B1084B06971954CE /* UNIHTTPJsonResponse.m */; };
		6417E4B8ECAA44C4BAE40361 /* UNIHTTPResponse.m in Sources */ = {isa = PBXBuildFile; fileRef = 38E9BEBE90BD4682BB234055 /* UNIHTTPResponse.m */; };
		FFFA5C944A6A4453BFDC49B8 /* UNIHTTPStringResponse.m in Sources */ = {isa = PBXBuildFile; fileRef = 1978EDA4E5814D6688169599 /* UNIHTTPStringResponse.m */; };
		50E1E7FCF5FB4E1692D8A85D /* UNIJsonNode.m in Sources */ = {isa = PBXBuildFile; fileRef = 4ECEBAE01D8B454CAA64154C /* UNIJsonNode.m */; };
		2C4745E26F1B45C3A6DE2771 /* IonicKeyboard.m in Sources */ = {isa = PBXBuildFile; fileRef = 4B91CB4D922B48FF9EEE1EBB /* IonicKeyboard.m */; };
/* End PBXBuildFile section */

/* Begin PBXContainerItemProxy section */
		301BF534109A57CC0062928A /* PBXContainerItemProxy */ = {
			isa = PBXContainerItemProxy;
			containerPortal = 301BF52D109A57CC0062928A /* CordovaLib.xcodeproj */;
			proxyType = 2;
			remoteGlobalIDString = D2AAC07E0554694100DB518D;
			remoteInfo = CordovaLib;
		};
		301BF550109A68C00062928A /* PBXContainerItemProxy */ = {
			isa = PBXContainerItemProxy;
			containerPortal = 301BF52D109A57CC0062928A /* CordovaLib.xcodeproj */;
			proxyType = 1;
			remoteGlobalIDString = D2AAC07D0554694100DB518D;
			remoteInfo = CordovaLib;
		};
/* End PBXContainerItemProxy section */

/* Begin PBXFileReference section */
		0207DA571B56EA530066E2B4 /* Images.xcassets */ = {isa = PBXFileReference; lastKnownFileType = folder.assetcatalog; name = Images.xcassets; path = "elephant/Images.xcassets"; sourceTree = SOURCE_ROOT; };
		1D3623240D0F684500981E51 /* AppDelegate.h */ = {isa = PBXFileReference; fileEncoding = 4; lastKnownFileType = sourcecode.c.h; path = AppDelegate.h; sourceTree = "<group>"; };
		1D3623250D0F684500981E51 /* AppDelegate.m */ = {isa = PBXFileReference; fileEncoding = 4; lastKnownFileType = sourcecode.c.objc; path = AppDelegate.m; sourceTree = "<group>"; };
		1D6058910D05DD3D006BFB54 /* elephant.app */ = {isa = PBXFileReference; explicitFileType = wrapper.application; includeInIndex = 0; path = "elephant.app"; sourceTree = BUILT_PRODUCTS_DIR; };
		29B97316FDCFA39411CA2CEA /* main.m */ = {isa = PBXFileReference; fileEncoding = 4; lastKnownFileType = sourcecode.c.objc; path = main.m; sourceTree = "<group>"; };
		301BF52D109A57CC0062928A /* CordovaLib.xcodeproj */ = {isa = PBXFileReference; lastKnownFileType = "wrapper.pb-project"; name = CordovaLib.xcodeproj; path = CordovaLib/CordovaLib.xcodeproj; sourceTree = "<group>"; };
		301BF56E109A69640062928A /* www */ = {isa = PBXFileReference; lastKnownFileType = folder; path = www; sourceTree = SOURCE_ROOT; };
		302D95EE14D2391D003F00A1 /* MainViewController.h */ = {isa = PBXFileReference; fileEncoding = 4; lastKnownFileType = sourcecode.c.h; path = MainViewController.h; sourceTree = "<group>"; };
		302D95EF14D2391D003F00A1 /* MainViewController.m */ = {isa = PBXFileReference; fileEncoding = 4; lastKnownFileType = sourcecode.c.objc; path = MainViewController.m; sourceTree = "<group>"; };
		302D95F014D2391D003F00A1 /* MainViewController.xib */ = {isa = PBXFileReference; fileEncoding = 4; lastKnownFileType = file.xib; path = MainViewController.xib; sourceTree = "<group>"; };
		3047A50F1AB8059700498E2A /* build-debug.xcconfig */ = {isa = PBXFileReference; fileEncoding = 4; lastKnownFileType = text.xcconfig; name = "build-debug.xcconfig"; path = cordova/build-debug.xcconfig; sourceTree = SOURCE_ROOT; };
		3047A5101AB8059700498E2A /* build-release.xcconfig */ = {isa = PBXFileReference; fileEncoding = 4; lastKnownFileType = text.xcconfig; name = "build-release.xcconfig"; path = cordova/build-release.xcconfig; sourceTree = SOURCE_ROOT; };
		3047A5111AB8059700498E2A /* build.xcconfig */ = {isa = PBXFileReference; fileEncoding = 4; lastKnownFileType = text.xcconfig; name = build.xcconfig; path = cordova/build.xcconfig; sourceTree = SOURCE_ROOT; };
		32CA4F630368D1EE00C91783 /* elephant-Prefix.pch */ = {isa = PBXFileReference; fileEncoding = 4; lastKnownFileType = sourcecode.c.h; path = "elephant-Prefix.pch"; sourceTree = "<group>"; };
		8D1107310486CEB800E47090 /* elephant-Info.plist */ = {isa = PBXFileReference; fileEncoding = 4; lastKnownFileType = text.plist.xml; name = "elephant-Info.plist"; path = "elephant/elephant-Info.plist"; plistStructureDefinitionIdentifier = "com.apple.xcode.plist.structure-definition.iphone.info-plist"; sourceTree = SOURCE_ROOT; };
		EB87FDF31871DA8E0020F90C /* www */ = {isa = PBXFileReference; lastKnownFileType = folder; name = www; path = ../../www; sourceTree = "<group>"; };
		EB87FDF41871DAF40020F90C /* config.xml */ = {isa = PBXFileReference; lastKnownFileType = text.xml; name = config.xml; path = ../../config.xml; sourceTree = "<group>"; };
		F840E1F0165FE0F500CFE078 /* config.xml */ = {isa = PBXFileReference; lastKnownFileType = text.xml; name = config.xml; path = "elephant/config.xml"; sourceTree = "<group>"; };
		ED33DF2A687741AEAF9F8254 /* Bridging-Header.h */ = {isa = PBXFileReference; fileEncoding = 4; lastKnownFileType = sourcecode.c.h; name = "Bridging-Header.h"; path = "Bridging-Header.h"; sourceTree = "<group>"; };
		1AD8FB7F0C8C41D990134971 /* ImageIO.framework */ = {isa = PBXFileReference; name = "ImageIO.framework"; path = "System/Library/Frameworks/ImageIO.framework"; sourceTree = SDKROOT; fileEncoding = undefined; lastKnownFileType = wrapper.framework; explicitFileType = undefined; includeInIndex = 0; };
		8041F1DD84CA45F6A18F895D /* CoreLocation.framework */ = {isa = PBXFileReference; name = "CoreLocation.framework"; path = "System/Library/Frameworks/CoreLocation.framework"; sourceTree = SDKROOT; fileEncoding = undefined; lastKnownFileType = wrapper.framework; explicitFileType = undefined; includeInIndex = 0; };
		2668B11B4BF446B4883B75AA /* AVFoundation.framework */ = {isa = PBXFileReference; name = "AVFoundation.framework"; path = "System/Library/Frameworks/AVFoundation.framework"; sourceTree = SDKROOT; fileEncoding = undefined; lastKnownFileType = wrapper.framework; explicitFileType = undefined; includeInIndex = 0; };
		FE5C61E4FC224407AE2DD7E8 /* UIImage+CropScaleOrientation.m */ = {isa = PBXFileReference; name = "UIImage+CropScaleOrientation.m"; path = "cordova-plugin-camera/UIImage+CropScaleOrientation.m"; sourceTree = "<group>"; fileEncoding = 4; lastKnownFileType = sourcecode.c.objc; explicitFileType = undefined; includeInIndex = 0; };
		7894906C348D4C0BB9BCA097 /* CDVCamera.m */ = {isa = PBXFileReference; name = "CDVCamera.m"; path = "cordova-plugin-camera/CDVCamera.m"; sourceTree = "<group>"; fileEncoding = 4; lastKnownFileType = sourcecode.c.objc; explicitFileType = undefined; includeInIndex = 0; };
		09EB4E5D362340628C281FCC /* CDVJpegHeaderWriter.m */ = {isa = PBXFileReference; name = "CDVJpegHeaderWriter.m"; path = "cordova-plugin-camera/CDVJpegHeaderWriter.m"; sourceTree = "<group>"; fileEncoding = 4; lastKnownFileType = sourcecode.c.objc; explicitFileType = undefined; includeInIndex = 0; };
		CC3A632156EE468EB1F4B5E8 /* UIImage+CropScaleOrientation.h */ = {isa = PBXFileReference; name = "UIImage+CropScaleOrientation.h"; path = "cordova-plugin-camera/UIImage+CropScaleOrientation.h"; sourceTree = "<group>"; fileEncoding = 4; lastKnownFileType = sourcecode.c.h; explicitFileType = undefined; includeInIndex = 0; };
		14EE1C37295B4F8F864C01B5 /* CDVCamera.h */ = {isa = PBXFileReference; name = "CDVCamera.h"; path = "cordova-plugin-camera/CDVCamera.h"; sourceTree = "<group>"; fileEncoding = 4; lastKnownFileType = sourcecode.c.h; explicitFileType = undefined; includeInIndex = 0; };
		1EC5C515A0094F5BA748454F /* CDVJpegHeaderWriter.h */ = {isa = PBXFileReference; name = "CDVJpegHeaderWriter.h"; path = "cordova-plugin-camera/CDVJpegHeaderWriter.h"; sourceTree = "<group>"; fileEncoding = 4; lastKnownFileType = sourcecode.c.h; explicitFileType = undefined; includeInIndex = 0; };
		DFCA6A21ACF44800B3CA9DE1 /* CDVExif.h */ = {isa = PBXFileReference; name = "CDVExif.h"; path = "cordova-plugin-camera/CDVExif.h"; sourceTree = "<group>"; fileEncoding = 4; lastKnownFileType = sourcecode.c.h; explicitFileType = undefined; includeInIndex = 0; };
		F0F9418C4E8744E7B220D679 /* CDVDevice.m */ = {isa = PBXFileReference; name = "CDVDevice.m"; path = "cordova-plugin-device/CDVDevice.m"; sourceTree = "<group>"; fileEncoding = 4; lastKnownFileType = sourcecode.c.objc; explicitFileType = undefined; includeInIndex = 0; };
		667BFE0CC1AC45BC99105BC8 /* CDVDevice.h */ = {isa = PBXFileReference; name = "CDVDevice.h"; path = "cordova-plugin-device/CDVDevice.h"; sourceTree = "<group>"; fileEncoding = 4; lastKnownFileType = sourcecode.c.h; explicitFileType = undefined; includeInIndex = 0; };
		9E55CD0D618B45C8BA97C1C6 /* CDVFile.m */ = {isa = PBXFileReference; name = "CDVFile.m"; path = "cordova-plugin-file/CDVFile.m"; sourceTree = "<group>"; fileEncoding = 4; lastKnownFileType = sourcecode.c.objc; explicitFileType = undefined; includeInIndex = 0; };
		3ECFE8BE7AF64369930CD533 /* CDVLocalFilesystem.m */ = {isa = PBXFileReference; name = "CDVLocalFilesystem.m"; path = "cordova-plugin-file/CDVLocalFilesystem.m"; sourceTree = "<group>"; fileEncoding = 4; lastKnownFileType = sourcecode.c.objc; explicitFileType = undefined; includeInIndex = 0; };
		1212CFED6BC243B59F30B128 /* CDVAssetLibraryFilesystem.m */ = {isa = PBXFileReference; name = "CDVAssetLibraryFilesystem.m"; path = "cordova-plugin-file/CDVAssetLibraryFilesystem.m"; sourceTree = "<group>"; fileEncoding = 4; lastKnownFileType = sourcecode.c.objc; explicitFileType = undefined; includeInIndex = 0; };
		52A2EE959A984655AAA72D1A /* CDVFile.h */ = {isa = PBXFileReference; name = "CDVFile.h"; path = "cordova-plugin-file/CDVFile.h"; sourceTree = "<group>"; fileEncoding = 4; lastKnownFileType = sourcecode.c.h; explicitFileType = undefined; includeInIndex = 0; };
		EDC3F169F5B94F14B0703895 /* CDVLocalFilesystem.h */ = {isa = PBXFileReference; name = "CDVLocalFilesystem.h"; path = "cordova-plugin-file/CDVLocalFilesystem.h"; sourceTree = "<group>"; fileEncoding = 4; lastKnownFileType = sourcecode.c.h; explicitFileType = undefined; includeInIndex = 0; };
		433E863824244D17ADDEE426 /* CDVAssetLibraryFilesystem.h */ = {isa = PBXFileReference; name = "CDVAssetLibraryFilesystem.h"; path = "cordova-plugin-file/CDVAssetLibraryFilesystem.h"; sourceTree = "<group>"; fileEncoding = 4; lastKnownFileType = sourcecode.c.h; explicitFileType = undefined; includeInIndex = 0; };
		D9790F9B69604A248AF3DB6D /* CDVFileTransfer.m */ = {isa = PBXFileReference; name = "CDVFileTransfer.m"; path = "cordova-plugin-file-transfer/CDVFileTransfer.m"; sourceTree = "<group>"; fileEncoding = 4; lastKnownFileType = sourcecode.c.objc; explicitFileType = undefined; includeInIndex = 0; };
		B25C0F1C415B48C48E4F5BB1 /* CDVFileTransfer.h */ = {isa = PBXFileReference; name = "CDVFileTransfer.h"; path = "cordova-plugin-file-transfer/CDVFileTransfer.h"; sourceTree = "<group>"; fileEncoding = 4; lastKnownFileType = sourcecode.c.h; explicitFileType = undefined; includeInIndex = 0; };
		F3B0033611144F15BF63CDB8 /* CDVSplashScreen.m */ = {isa = PBXFileReference; name = "CDVSplashScreen.m"; path = "cordova-plugin-splashscreen/CDVSplashScreen.m"; sourceTree = "<group>"; fileEncoding = 4; lastKnownFileType = sourcecode.c.objc; explicitFileType = undefined; includeInIndex = 0; };
		777CA9618E9D4D1BA6468735 /* CDVViewController+SplashScreen.m */ = {isa = PBXFileReference; name = "CDVViewController+SplashScreen.m"; path = "cordova-plugin-splashscreen/CDVViewController+SplashScreen.m"; sourceTree = "<group>"; fileEncoding = 4; lastKnownFileType = sourcecode.c.objc; explicitFileType = undefined; includeInIndex = 0; };
		7B1D1BC998CF493D9F937C20 /* CDVSplashScreen.h */ = {isa = PBXFileReference; name = "CDVSplashScreen.h"; path = "cordova-plugin-splashscreen/CDVSplashScreen.h"; sourceTree = "<group>"; fileEncoding = 4; lastKnownFileType = sourcecode.c.h; explicitFileType = undefined; includeInIndex = 0; };
		1565EB457E0A4984A04C1006 /* CDVViewController+SplashScreen.h */ = {isa = PBXFileReference; name = "CDVViewController+SplashScreen.h"; path = "cordova-plugin-splashscreen/CDVViewController+SplashScreen.h"; sourceTree = "<group>"; fileEncoding = 4; lastKnownFileType = sourcecode.c.h; explicitFileType = undefined; includeInIndex = 0; };
		83AF6327119C4BD8B944CABA /* CDVStatusBar.m */ = {isa = PBXFileReference; name = "CDVStatusBar.m"; path = "cordova-plugin-statusbar/CDVStatusBar.m"; sourceTree = "<group>"; fileEncoding = 4; lastKnownFileType = sourcecode.c.objc; explicitFileType = undefined; includeInIndex = 0; };
		371FCB6F0A09400E89E245C0 /* CDVStatusBar.h */ = {isa = PBXFileReference; name = "CDVStatusBar.h"; path = "cordova-plugin-statusbar/CDVStatusBar.h"; sourceTree = "<group>"; fileEncoding = 4; lastKnownFileType = sourcecode.c.h; explicitFileType = undefined; includeInIndex = 0; };
		3176816EC4CB4E009390730E /* IonicConstant.m */ = {isa = PBXFileReference; name = "IonicConstant.m"; path = "ionic-plugin-deploy/IonicConstant.m"; sourceTree = "<group>"; fileEncoding = 4; lastKnownFileType = sourcecode.c.objc; explicitFileType = undefined; includeInIndex = 0; };
		4127E81855BE4ECEA2419ABE /* IonicDeploy.m */ = {isa = PBXFileReference; name = "IonicDeploy.m"; path = "ionic-plugin-deploy/IonicDeploy.m"; sourceTree = "<group>"; fileEncoding = 4; lastKnownFileType = sourcecode.c.objc; explicitFileType = undefined; includeInIndex = 0; };
		6F0C0FCB856D4879BA5BC949 /* Download.m */ = {isa = PBXFileReference; name = "Download.m"; path = "ionic-plugin-deploy/Download.m"; sourceTree = "<group>"; fileEncoding = 4; lastKnownFileType = sourcecode.c.objc; explicitFileType = undefined; includeInIndex = 0; };
		31CFE5FEB9064E519D4E1123 /* DownloadManager.m */ = {isa = PBXFileReference; name = "DownloadManager.m"; path = "ionic-plugin-deploy/DownloadManager.m"; sourceTree = "<group>"; fileEncoding = 4; lastKnownFileType = sourcecode.c.objc; explicitFileType = undefined; includeInIndex = 0; };
		B3B6264646EA47C993998158 /* SSZipArchive.m */ = {isa = PBXFileReference; name = "SSZipArchive.m"; path = "ionic-plugin-deploy/SSZipArchive.m"; sourceTree = "<group>"; fileEncoding = 4; lastKnownFileType = sourcecode.c.objc; explicitFileType = undefined; includeInIndex = 0; };
		07885A71C22C4755AEEEE883 /* ioapi.c */ = {isa = PBXFileReference; name = "ioapi.c"; path = "ionic-plugin-deploy/ioapi.c"; sourceTree = "<group>"; fileEncoding = undefined; lastKnownFileType = unknown; explicitFileType = undefined; includeInIndex = 0; };
		CCA8E5BFA1574EE1B87CFECD /* unzip.c */ = {isa = PBXFileReference; name = "unzip.c"; path = "ionic-plugin-deploy/unzip.c"; sourceTree = "<group>"; fileEncoding = undefined; lastKnownFileType = unknown; explicitFileType = undefined; includeInIndex = 0; };
		061B48D0C8C441D680A848C7 /* zip.c */ = {isa = PBXFileReference; name = "zip.c"; path = "ionic-plugin-deploy/zip.c"; sourceTree = "<group>"; fileEncoding = undefined; lastKnownFileType = unknown; explicitFileType = undefined; includeInIndex = 0; };
		6B3FC8B2E32A4EC3852E6CC3 /* adler32.c */ = {isa = PBXFileReference; name = "adler32.c"; path = "ionic-plugin-deploy/adler32.c"; sourceTree = "<group>"; fileEncoding = undefined; lastKnownFileType = unknown; explicitFileType = undefined; includeInIndex = 0; };
		FC31D48371424E019F5B383E /* compress.c */ = {isa = PBXFileReference; name = "compress.c"; path = "ionic-plugin-deploy/compress.c"; sourceTree = "<group>"; fileEncoding = undefined; lastKnownFileType = unknown; explicitFileType = undefined; includeInIndex = 0; };
		EAAA0B16740A4B028CB74EFF /* crc32.c */ = {isa = PBXFileReference; name = "crc32.c"; path = "ionic-plugin-deploy/crc32.c"; sourceTree = "<group>"; fileEncoding = undefined; lastKnownFileType = unknown; explicitFileType = undefined; includeInIndex = 0; };
		7BD98CCA2952405EB9C92934 /* deflate.c */ = {isa = PBXFileReference; name = "deflate.c"; path = "ionic-plugin-deploy/deflate.c"; sourceTree = "<group>"; fileEncoding = undefined; lastKnownFileType = unknown; explicitFileType = undefined; includeInIndex = 0; };
		F1A371A273D14B3DADEAC6BF /* gzclose.c */ = {isa = PBXFileReference; name = "gzclose.c"; path = "ionic-plugin-deploy/gzclose.c"; sourceTree = "<group>"; fileEncoding = undefined; lastKnownFileType = unknown; explicitFileType = undefined; includeInIndex = 0; };
		278CF80D9DDC41E396A23832 /* gzlib.c */ = {isa = PBXFileReference; name = "gzlib.c"; path = "ionic-plugin-deploy/gzlib.c"; sourceTree = "<group>"; fileEncoding = undefined; lastKnownFileType = unknown; explicitFileType = undefined; includeInIndex = 0; };
		353D08A817544FD4A2DC8364 /* gzread.c */ = {isa = PBXFileReference; name = "gzread.c"; path = "ionic-plugin-deploy/gzread.c"; sourceTree = "<group>"; fileEncoding = undefined; lastKnownFileType = unknown; explicitFileType = undefined; includeInIndex = 0; };
		C017F574E7694964A1E519BB /* gzwrite.c */ = {isa = PBXFileReference; name = "gzwrite.c"; path = "ionic-plugin-deploy/gzwrite.c"; sourceTree = "<group>"; fileEncoding = undefined; lastKnownFileType = unknown; explicitFileType = undefined; includeInIndex = 0; };
		CF1845D3A0F04AB5B30EDCA9 /* infback.c */ = {isa = PBXFileReference; name = "infback.c"; path = "ionic-plugin-deploy/infback.c"; sourceTree = "<group>"; fileEncoding = undefined; lastKnownFileType = unknown; explicitFileType = undefined; includeInIndex = 0; };
		F2D064D6863A4BA7BB2FD510 /* inffast.c */ = {isa = PBXFileReference; name = "inffast.c"; path = "ionic-plugin-deploy/inffast.c"; sourceTree = "<group>"; fileEncoding = undefined; lastKnownFileType = unknown; explicitFileType = undefined; includeInIndex = 0; };
		D60C1C485CF942CFA436B8F8 /* inflate.c */ = {isa = PBXFileReference; name = "inflate.c"; path = "ionic-plugin-deploy/inflate.c"; sourceTree = "<group>"; fileEncoding = undefined; lastKnownFileType = unknown; explicitFileType = undefined; includeInIndex = 0; };
		652D695A56FC4E88B11CD515 /* inftrees.c */ = {isa = PBXFileReference; name = "inftrees.c"; path = "ionic-plugin-deploy/inftrees.c"; sourceTree = "<group>"; fileEncoding = undefined; lastKnownFileType = unknown; explicitFileType = undefined; includeInIndex = 0; };
		C988E765EECF4398A4278CB3 /* trees.c */ = {isa = PBXFileReference; name = "trees.c"; path = "ionic-plugin-deploy/trees.c"; sourceTree = "<group>"; fileEncoding = undefined; lastKnownFileType = unknown; explicitFileType = undefined; includeInIndex = 0; };
		1B8D27EF03B5422B9AB48B85 /* uncompr.c */ = {isa = PBXFileReference; name = "uncompr.c"; path = "ionic-plugin-deploy/uncompr.c"; sourceTree = "<group>"; fileEncoding = undefined; lastKnownFileType = unknown; explicitFileType = undefined; includeInIndex = 0; };
		25EC267D25CA44FBA545A6BC /* zutil.c */ = {isa = PBXFileReference; name = "zutil.c"; path = "ionic-plugin-deploy/zutil.c"; sourceTree = "<group>"; fileEncoding = undefined; lastKnownFileType = unknown; explicitFileType = undefined; includeInIndex = 0; };
		866696C116FD477E9986C542 /* Base64.m */ = {isa = PBXFileReference; name = "Base64.m"; path = "ionic-plugin-deploy/Base64.m"; sourceTree = "<group>"; fileEncoding = 4; lastKnownFileType = sourcecode.c.objc; explicitFileType = undefined; includeInIndex = 0; };
		0064890B48EB48049D3E5D54 /* UNIHTTPClientHelper.m */ = {isa = PBXFileReference; name = "UNIHTTPClientHelper.m"; path = "ionic-plugin-deploy/UNIHTTPClientHelper.m"; sourceTree = "<group>"; fileEncoding = 4; lastKnownFileType = sourcecode.c.objc; explicitFileType = undefined; includeInIndex = 0; };
		C3693655DB4D48DF9CFB79BD /* UNIHTTPRequest.m */ = {isa = PBXFileReference; name = "UNIHTTPRequest.m"; path = "ionic-plugin-deploy/UNIHTTPRequest.m"; sourceTree = "<group>"; fileEncoding = 4; lastKnownFileType = sourcecode.c.objc; explicitFileType = undefined; includeInIndex = 0; };
		0321EE8021FD43608E10AB43 /* UNIHTTPRequestWithBody.m */ = {isa = PBXFileReference; name = "UNIHTTPRequestWithBody.m"; path = "ionic-plugin-deploy/UNIHTTPRequestWithBody.m"; sourceTree = "<group>"; fileEncoding = 4; lastKnownFileType = sourcecode.c.objc; explicitFileType = undefined; includeInIndex = 0; };
		AD4235DBDED84D8BAC471026 /* UNIRest.m */ = {isa = PBXFileReference; name = "UNIRest.m"; path = "ionic-plugin-deploy/UNIRest.m"; sourceTree = "<group>"; fileEncoding = 4; lastKnownFileType = sourcecode.c.objc; explicitFileType = undefined; includeInIndex = 0; };
		32B0F6DF7F904D5C92063DFE /* UNIUrlConnection.m */ = {isa = PBXFileReference; name = "UNIUrlConnection.m"; path = "ionic-plugin-deploy/UNIUrlConnection.m"; sourceTree = "<group>"; fileEncoding = 4; lastKnownFileType = sourcecode.c.objc; explicitFileType = undefined; includeInIndex = 0; };
		E4466C0681264E65AB4CCDE8 /* UNIBaseRequest.m */ = {isa = PBXFileReference; name = "UNIBaseRequest.m"; path = "ionic-plugin-deploy/UNIBaseRequest.m"; sourceTree = "<group>"; fileEncoding = 4; lastKnownFileType = sourcecode.c.objc; explicitFileType = undefined; includeInIndex = 0; };
		A3961DE7CA544255A4F8FC24 /* UNIBodyRequest.m */ = {isa = PBXFileReference; name = "UNIBodyRequest.m"; path = "ionic-plugin-deploy/UNIBodyRequest.m"; sourceTree = "<group>"; fileEncoding = 4; lastKnownFileType = sourcecode.c.objc; explicitFileType = undefined; includeInIndex = 0; };
		6419C162197344F5B24CE393 /* UNISimpleRequest.m */ = {isa = PBXFileReference; name = "UNISimpleRequest.m"; path = "ionic-plugin-deploy/UNISimpleRequest.m"; sourceTree = "<group>"; fileEncoding = 4; lastKnownFileType = sourcecode.c.objc; explicitFileType = undefined; includeInIndex = 0; };
		DF4895C42F784B9D8E22227B /* UNIHTTPBinaryResponse.m */ = {isa = PBXFileReference; name = "UNIHTTPBinaryResponse.m"; path = "ionic-plugin-deploy/UNIHTTPBinaryResponse.m"; sourceTree = "<group>"; fileEncoding = 4; lastKnownFileType = sourcecode.c.objc; explicitFileType = undefined; includeInIndex = 0; };
		CBD9EA32B1084B06971954CE /* UNIHTTPJsonResponse.m */ = {isa = PBXFileReference; name = "UNIHTTPJsonResponse.m"; path = "ionic-plugin-deploy/UNIHTTPJsonResponse.m"; sourceTree = "<group>"; fileEncoding = 4; lastKnownFileType = sourcecode.c.objc; explicitFileType = undefined; includeInIndex = 0; };
		38E9BEBE90BD4682BB234055 /* UNIHTTPResponse.m */ = {isa = PBXFileReference; name = "UNIHTTPResponse.m"; path = "ionic-plugin-deploy/UNIHTTPResponse.m"; sourceTree = "<group>"; fileEncoding = 4; lastKnownFileType = sourcecode.c.objc; explicitFileType = undefined; includeInIndex = 0; };
		1978EDA4E5814D6688169599 /* UNIHTTPStringResponse.m */ = {isa = PBXFileReference; name = "UNIHTTPStringResponse.m"; path = "ionic-plugin-deploy/UNIHTTPStringResponse.m"; sourceTree = "<group>"; fileEncoding = 4; lastKnownFileType = sourcecode.c.objc; explicitFileType = undefined; includeInIndex = 0; };
		4ECEBAE01D8B454CAA64154C /* UNIJsonNode.m */ = {isa = PBXFileReference; name = "UNIJsonNode.m"; path = "ionic-plugin-deploy/UNIJsonNode.m"; sourceTree = "<group>"; fileEncoding = 4; lastKnownFileType = sourcecode.c.objc; explicitFileType = undefined; includeInIndex = 0; };
		57376EB3825D4B47AE0AE07A /* IonicConstant.h */ = {isa = PBXFileReference; name = "IonicConstant.h"; path = "ionic-plugin-deploy/IonicConstant.h"; sourceTree = "<group>"; fileEncoding = 4; lastKnownFileType = sourcecode.c.h; explicitFileType = undefined; includeInIndex = 0; };
		8BD95773D1EB4D0EB5F6B3B4 /* IonicDeploy.h */ = {isa = PBXFileReference; name = "IonicDeploy.h"; path = "ionic-plugin-deploy/IonicDeploy.h"; sourceTree = "<group>"; fileEncoding = 4; lastKnownFileType = sourcecode.c.h; explicitFileType = undefined; includeInIndex = 0; };
		ED1A6D5E890147AEA885E6A6 /* Download.h */ = {isa = PBXFileReference; name = "Download.h"; path = "ionic-plugin-deploy/Download.h"; sourceTree = "<group>"; fileEncoding = 4; lastKnownFileType = sourcecode.c.h; explicitFileType = undefined; includeInIndex = 0; };
		B7F3C5951BC6408EBD778121 /* DownloadManager.h */ = {isa = PBXFileReference; name = "DownloadManager.h"; path = "ionic-plugin-deploy/DownloadManager.h"; sourceTree = "<group>"; fileEncoding = 4; lastKnownFileType = sourcecode.c.h; explicitFileType = undefined; includeInIndex = 0; };
		7144D478852344F0A9C36E84 /* SSZipArchive.h */ = {isa = PBXFileReference; name = "SSZipArchive.h"; path = "ionic-plugin-deploy/SSZipArchive.h"; sourceTree = "<group>"; fileEncoding = 4; lastKnownFileType = sourcecode.c.h; explicitFileType = undefined; includeInIndex = 0; };
		AAED6EE4BFD540C081204EFC /* ARCHelper.h */ = {isa = PBXFileReference; name = "ARCHelper.h"; path = "ionic-plugin-deploy/ARCHelper.h"; sourceTree = "<group>"; fileEncoding = 4; lastKnownFileType = sourcecode.c.h; explicitFileType = undefined; includeInIndex = 0; };
		1501A67C7CC44338A84C5B37 /* crypt.h */ = {isa = PBXFileReference; name = "crypt.h"; path = "ionic-plugin-deploy/crypt.h"; sourceTree = "<group>"; fileEncoding = 4; lastKnownFileType = sourcecode.c.h; explicitFileType = undefined; includeInIndex = 0; };
		7C922E52B5CB4941A8248270 /* ioapi.h */ = {isa = PBXFileReference; name = "ioapi.h"; path = "ionic-plugin-deploy/ioapi.h"; sourceTree = "<group>"; fileEncoding = 4; lastKnownFileType = sourcecode.c.h; explicitFileType = undefined; includeInIndex = 0; };
		090CE44C238543A0A5143FCE /* unzip.h */ = {isa = PBXFileReference; name = "unzip.h"; path = "ionic-plugin-deploy/unzip.h"; sourceTree = "<group>"; fileEncoding = 4; lastKnownFileType = sourcecode.c.h; explicitFileType = undefined; includeInIndex = 0; };
		DEA541C632AC4A668893C3BA /* zip.h */ = {isa = PBXFileReference; name = "zip.h"; path = "ionic-plugin-deploy/zip.h"; sourceTree = "<group>"; fileEncoding = 4; lastKnownFileType = sourcecode.c.h; explicitFileType = undefined; includeInIndex = 0; };
		FD1ED22F8A554B128CC651F7 /* crc32.h */ = {isa = PBXFileReference; name = "crc32.h"; path = "ionic-plugin-deploy/crc32.h"; sourceTree = "<group>"; fileEncoding = 4; lastKnownFileType = sourcecode.c.h; explicitFileType = undefined; includeInIndex = 0; };
		C125CC7F24904C079F70D470 /* deflate.h */ = {isa = PBXFileReference; name = "deflate.h"; path = "ionic-plugin-deploy/deflate.h"; sourceTree = "<group>"; fileEncoding = 4; lastKnownFileType = sourcecode.c.h; explicitFileType = undefined; includeInIndex = 0; };
		83A74234D3944309822389D0 /* gzguts.h */ = {isa = PBXFileReference; name = "gzguts.h"; path = "ionic-plugin-deploy/gzguts.h"; sourceTree = "<group>"; fileEncoding = 4; lastKnownFileType = sourcecode.c.h; explicitFileType = undefined; includeInIndex = 0; };
		5BDA53CA26AC4370B28D4D20 /* inffast.h */ = {isa = PBXFileReference; name = "inffast.h"; path = "ionic-plugin-deploy/inffast.h"; sourceTree = "<group>"; fileEncoding = 4; lastKnownFileType = sourcecode.c.h; explicitFileType = undefined; includeInIndex = 0; };
		08688A1B403E423BA752360A /* inffixed.h */ = {isa = PBXFileReference; name = "inffixed.h"; path = "ionic-plugin-deploy/inffixed.h"; sourceTree = "<group>"; fileEncoding = 4; lastKnownFileType = sourcecode.c.h; explicitFileType = undefined; includeInIndex = 0; };
		0B490BD0D2AB4AB1AB9B8E28 /* inflate.h */ = {isa = PBXFileReference; name = "inflate.h"; path = "ionic-plugin-deploy/inflate.h"; sourceTree = "<group>"; fileEncoding = 4; lastKnownFileType = sourcecode.c.h; explicitFileType = undefined; includeInIndex = 0; };
		1192368666F1414E8BADD466 /* inftrees.h */ = {isa = PBXFileReference; name = "inftrees.h"; path = "ionic-plugin-deploy/inftrees.h"; sourceTree = "<group>"; fileEncoding = 4; lastKnownFileType = sourcecode.c.h; explicitFileType = undefined; includeInIndex = 0; };
		2477B4C925E84340A554FD11 /* trees.h */ = {isa = PBXFileReference; name = "trees.h"; path = "ionic-plugin-deploy/trees.h"; sourceTree = "<group>"; fileEncoding = 4; lastKnownFileType = sourcecode.c.h; explicitFileType = undefined; includeInIndex = 0; };
		209FDD20C32842CDB7239656 /* zconf.h */ = {isa = PBXFileReference; name = "zconf.h"; path = "ionic-plugin-deploy/zconf.h"; sourceTree = "<group>"; fileEncoding = 4; lastKnownFileType = sourcecode.c.h; explicitFileType = undefined; includeInIndex = 0; };
		A8A6FCD6F1CB460FAC34A6CA /* zlib.h */ = {isa = PBXFileReference; name = "zlib.h"; path = "ionic-plugin-deploy/zlib.h"; sourceTree = "<group>"; fileEncoding = 4; lastKnownFileType = sourcecode.c.h; explicitFileType = undefined; includeInIndex = 0; };
		9C51C1C647AE44E4A19B5783 /* zutil.h */ = {isa = PBXFileReference; name = "zutil.h"; path = "ionic-plugin-deploy/zutil.h"; sourceTree = "<group>"; fileEncoding = 4; lastKnownFileType = sourcecode.c.h; explicitFileType = undefined; includeInIndex = 0; };
		C70EE856392C48A587E2F1C8 /* Base64.h */ = {isa = PBXFileReference; name = "Base64.h"; path = "ionic-plugin-deploy/Base64.h"; sourceTree = "<group>"; fileEncoding = 4; lastKnownFileType = sourcecode.c.h; explicitFileType = undefined; includeInIndex = 0; };
		AE9D711B89F940729B879A75 /* UNIHTTPClientHelper.h */ = {isa = PBXFileReference; name = "UNIHTTPClientHelper.h"; path = "ionic-plugin-deploy/UNIHTTPClientHelper.h"; sourceTree = "<group>"; fileEncoding = 4; lastKnownFileType = sourcecode.c.h; explicitFileType = undefined; includeInIndex = 0; };
		CB107FA497C74921817620B7 /* UNIHTTPRequest.h */ = {isa = PBXFileReference; name = "UNIHTTPRequest.h"; path = "ionic-plugin-deploy/UNIHTTPRequest.h"; sourceTree = "<group>"; fileEncoding = 4; lastKnownFileType = sourcecode.c.h; explicitFileType = undefined; includeInIndex = 0; };
		BB93FD394B064033B2CA53EC /* UNIHTTPRequestWithBody.h */ = {isa = PBXFileReference; name = "UNIHTTPRequestWithBody.h"; path = "ionic-plugin-deploy/UNIHTTPRequestWithBody.h"; sourceTree = "<group>"; fileEncoding = 4; lastKnownFileType = sourcecode.c.h; explicitFileType = undefined; includeInIndex = 0; };
		6ECCB15D1BDB4A98ACB45BE5 /* Unirest-Prefix.pch */ = {isa = PBXFileReference; name = "Unirest-Prefix.pch"; path = "ionic-plugin-deploy/Unirest-Prefix.pch"; sourceTree = "<group>"; fileEncoding = 4; lastKnownFileType = sourcecode.c.h; explicitFileType = undefined; includeInIndex = 0; };
		A82918BC3CBB41758A7D4BC6 /* UNIRest.h */ = {isa = PBXFileReference; name = "UNIRest.h"; path = "ionic-plugin-deploy/UNIRest.h"; sourceTree = "<group>"; fileEncoding = 4; lastKnownFileType = sourcecode.c.h; explicitFileType = undefined; includeInIndex = 0; };
		8BBB2E424725447DB8CD53BE /* UNIUrlConnection.h */ = {isa = PBXFileReference; name = "UNIUrlConnection.h"; path = "ionic-plugin-deploy/UNIUrlConnection.h"; sourceTree = "<group>"; fileEncoding = 4; lastKnownFileType = sourcecode.c.h; explicitFileType = undefined; includeInIndex = 0; };
		D7DA74B5E0C54BD7BD03B0BD /* UNIBaseRequest.h */ = {isa = PBXFileReference; name = "UNIBaseRequest.h"; path = "ionic-plugin-deploy/UNIBaseRequest.h"; sourceTree = "<group>"; fileEncoding = 4; lastKnownFileType = sourcecode.c.h; explicitFileType = undefined; includeInIndex = 0; };
		B45025F109D14714A4EC1517 /* UNIBodyRequest.h */ = {isa = PBXFileReference; name = "UNIBodyRequest.h"; path = "ionic-plugin-deploy/UNIBodyRequest.h"; sourceTree = "<group>"; fileEncoding = 4; lastKnownFileType = sourcecode.c.h; explicitFileType = undefined; includeInIndex = 0; };
		F6B6BDAE7F6243E7B9BFE14F /* UNISimpleRequest.h */ = {isa = PBXFileReference; name = "UNISimpleRequest.h"; path = "ionic-plugin-deploy/UNISimpleRequest.h"; sourceTree = "<group>"; fileEncoding = 4; lastKnownFileType = sourcecode.c.h; explicitFileType = undefined; includeInIndex = 0; };
		DB8298B2FB2345579F57D8BA /* UNIHTTPBinaryResponse.h */ = {isa = PBXFileReference; name = "UNIHTTPBinaryResponse.h"; path = "ionic-plugin-deploy/UNIHTTPBinaryResponse.h"; sourceTree = "<group>"; fileEncoding = 4; lastKnownFileType = sourcecode.c.h; explicitFileType = undefined; includeInIndex = 0; };
		7C913D20A2B74D91BA835771 /* UNIHTTPJsonResponse.h */ = {isa = PBXFileReference; name = "UNIHTTPJsonResponse.h"; path = "ionic-plugin-deploy/UNIHTTPJsonResponse.h"; sourceTree = "<group>"; fileEncoding = 4; lastKnownFileType = sourcecode.c.h; explicitFileType = undefined; includeInIndex = 0; };
		1DD8CD74DB02488D988E26C4 /* UNIHTTPResponse.h */ = {isa = PBXFileReference; name = "UNIHTTPResponse.h"; path = "ionic-plugin-deploy/UNIHTTPResponse.h"; sourceTree = "<group>"; fileEncoding = 4; lastKnownFileType = sourcecode.c.h; explicitFileType = undefined; includeInIndex = 0; };
		FAF186AF53FC4338A6072C99 /* UNIHTTPStringResponse.h */ = {isa = PBXFileReference; name = "UNIHTTPStringResponse.h"; path = "ionic-plugin-deploy/UNIHTTPStringResponse.h"; sourceTree = "<group>"; fileEncoding = 4; lastKnownFileType = sourcecode.c.h; explicitFileType = undefined; includeInIndex = 0; };
		AA379D3300DE436DAFC7AF47 /* UNIJsonNode.h */ = {isa = PBXFileReference; name = "UNIJsonNode.h"; path = "ionic-plugin-deploy/UNIJsonNode.h"; sourceTree = "<group>"; fileEncoding = 4; lastKnownFileType = sourcecode.c.h; explicitFileType = undefined; includeInIndex = 0; };
		4B91CB4D922B48FF9EEE1EBB /* IonicKeyboard.m */ = {isa = PBXFileReference; name = "IonicKeyboard.m"; path = "ionic-plugin-keyboard/IonicKeyboard.m"; sourceTree = "<group>"; fileEncoding = 4; lastKnownFileType = sourcecode.c.objc; explicitFileType = undefined; includeInIndex = 0; };
		3EB7DA063FAE4E2ABBB4A976 /* IonicKeyboard.h */ = {isa = PBXFileReference; name = "IonicKeyboard.h"; path = "ionic-plugin-keyboard/IonicKeyboard.h"; sourceTree = "<group>"; fileEncoding = 4; lastKnownFileType = sourcecode.c.h; explicitFileType = undefined; includeInIndex = 0; };
/* End PBXFileReference section */

/* Begin PBXFrameworksBuildPhase section */
		1D60588F0D05DD3D006BFB54 /* Frameworks */ = {
			isa = PBXFrameworksBuildPhase;
			buildActionMask = 2147483647;
			files = (
				301BF552109A68D80062928A /* libCordova.a in Frameworks */,
				75753FAA8F29425A94518F56 /* ImageIO.framework in Frameworks */,
				018487A9972745F7A372DDAC /* CoreLocation.framework in Frameworks */,
				1404C35F620A47839AF249A5 /* AVFoundation.framework in Frameworks */,
			);
			runOnlyForDeploymentPostprocessing = 0;
		};
/* End PBXFrameworksBuildPhase section */

/* Begin PBXGroup section */
		080E96DDFE201D6D7F000001 /* Classes */ = {
			isa = PBXGroup;
			children = (
				302D95EE14D2391D003F00A1 /* MainViewController.h */,
				302D95EF14D2391D003F00A1 /* MainViewController.m */,
				302D95F014D2391D003F00A1 /* MainViewController.xib */,
				1D3623240D0F684500981E51 /* AppDelegate.h */,
				1D3623250D0F684500981E51 /* AppDelegate.m */,
			);
			name = Classes;
			path = "elephant/Classes";
			sourceTree = SOURCE_ROOT;
		};
		19C28FACFE9D520D11CA2CBB /* Products */ = {
			isa = PBXGroup;
			children = (
				1D6058910D05DD3D006BFB54 /* elephant.app */,
			);
			name = Products;
			sourceTree = "<group>";
		};
		29B97314FDCFA39411CA2CEA /* CustomTemplate */ = {
			isa = PBXGroup;
			children = (
				EB87FDF41871DAF40020F90C /* config.xml */,
				EB87FDF31871DA8E0020F90C /* www */,
				EB87FDF11871DA420020F90C /* Staging */,
				301BF52D109A57CC0062928A /* CordovaLib.xcodeproj */,
				080E96DDFE201D6D7F000001 /* Classes */,
				307C750510C5A3420062BCA9 /* Plugins */,
				29B97315FDCFA39411CA2CEA /* Other Sources */,
				29B97317FDCFA39411CA2CEA /* Resources */,
				29B97323FDCFA39411CA2CEA /* Frameworks */,
				19C28FACFE9D520D11CA2CBB /* Products */,
			);
			name = CustomTemplate;
			sourceTree = "<group>";
		};
		29B97315FDCFA39411CA2CEA /* Other Sources */ = {
			isa = PBXGroup;
			children = (
				32CA4F630368D1EE00C91783 /* elephant-Prefix.pch */,
				29B97316FDCFA39411CA2CEA /* main.m */,
				ED33DF2A687741AEAF9F8254 /* Bridging-Header.h */,
			);
			name = "Other Sources";
			path = "elephant";
			sourceTree = "<group>";
		};
		29B97317FDCFA39411CA2CEA /* Resources */ = {
			isa = PBXGroup;
			children = (
				0207DA571B56EA530066E2B4 /* Images.xcassets */,
				3047A50E1AB8057F00498E2A /* config */,
				8D1107310486CEB800E47090 /* elephant-Info.plist */,
			);
			name = Resources;
			path = "elephant/Resources";
			sourceTree = "<group>";
		};
		29B97323FDCFA39411CA2CEA /* Frameworks */ = {
			isa = PBXGroup;
			children = (
				1AD8FB7F0C8C41D990134971 /* ImageIO.framework */,
				8041F1DD84CA45F6A18F895D /* CoreLocation.framework */,
				2668B11B4BF446B4883B75AA /* AVFoundation.framework */,
			);
			name = Frameworks;
			sourceTree = "<group>";
		};
		301BF52E109A57CC0062928A /* Products */ = {
			isa = PBXGroup;
			children = (
				301BF535109A57CC0062928A /* libCordova.a */,
			);
			name = Products;
			sourceTree = "<group>";
		};
		3047A50E1AB8057F00498E2A /* config */ = {
			isa = PBXGroup;
			children = (
				3047A50F1AB8059700498E2A /* build-debug.xcconfig */,
				3047A5101AB8059700498E2A /* build-release.xcconfig */,
				3047A5111AB8059700498E2A /* build.xcconfig */,
			);
			name = config;
			sourceTree = "<group>";
		};
		307C750510C5A3420062BCA9 /* Plugins */ = {
			isa = PBXGroup;
			children = (
				FE5C61E4FC224407AE2DD7E8 /* UIImage+CropScaleOrientation.m */,
				7894906C348D4C0BB9BCA097 /* CDVCamera.m */,
				09EB4E5D362340628C281FCC /* CDVJpegHeaderWriter.m */,
				CC3A632156EE468EB1F4B5E8 /* UIImage+CropScaleOrientation.h */,
				14EE1C37295B4F8F864C01B5 /* CDVCamera.h */,
				1EC5C515A0094F5BA748454F /* CDVJpegHeaderWriter.h */,
				DFCA6A21ACF44800B3CA9DE1 /* CDVExif.h */,
				F0F9418C4E8744E7B220D679 /* CDVDevice.m */,
				667BFE0CC1AC45BC99105BC8 /* CDVDevice.h */,
				9E55CD0D618B45C8BA97C1C6 /* CDVFile.m */,
				3ECFE8BE7AF64369930CD533 /* CDVLocalFilesystem.m */,
				1212CFED6BC243B59F30B128 /* CDVAssetLibraryFilesystem.m */,
				52A2EE959A984655AAA72D1A /* CDVFile.h */,
				EDC3F169F5B94F14B0703895 /* CDVLocalFilesystem.h */,
				433E863824244D17ADDEE426 /* CDVAssetLibraryFilesystem.h */,
				D9790F9B69604A248AF3DB6D /* CDVFileTransfer.m */,
				B25C0F1C415B48C48E4F5BB1 /* CDVFileTransfer.h */,
				F3B0033611144F15BF63CDB8 /* CDVSplashScreen.m */,
				777CA9618E9D4D1BA6468735 /* CDVViewController+SplashScreen.m */,
				7B1D1BC998CF493D9F937C20 /* CDVSplashScreen.h */,
				1565EB457E0A4984A04C1006 /* CDVViewController+SplashScreen.h */,
				83AF6327119C4BD8B944CABA /* CDVStatusBar.m */,
				371FCB6F0A09400E89E245C0 /* CDVStatusBar.h */,
				3176816EC4CB4E009390730E /* IonicConstant.m */,
				4127E81855BE4ECEA2419ABE /* IonicDeploy.m */,
				6F0C0FCB856D4879BA5BC949 /* Download.m */,
				31CFE5FEB9064E519D4E1123 /* DownloadManager.m */,
				B3B6264646EA47C993998158 /* SSZipArchive.m */,
				07885A71C22C4755AEEEE883 /* ioapi.c */,
				CCA8E5BFA1574EE1B87CFECD /* unzip.c */,
				061B48D0C8C441D680A848C7 /* zip.c */,
				6B3FC8B2E32A4EC3852E6CC3 /* adler32.c */,
				FC31D48371424E019F5B383E /* compress.c */,
				EAAA0B16740A4B028CB74EFF /* crc32.c */,
				7BD98CCA2952405EB9C92934 /* deflate.c */,
				F1A371A273D14B3DADEAC6BF /* gzclose.c */,
				278CF80D9DDC41E396A23832 /* gzlib.c */,
				353D08A817544FD4A2DC8364 /* gzread.c */,
				C017F574E7694964A1E519BB /* gzwrite.c */,
				CF1845D3A0F04AB5B30EDCA9 /* infback.c */,
				F2D064D6863A4BA7BB2FD510 /* inffast.c */,
				D60C1C485CF942CFA436B8F8 /* inflate.c */,
				652D695A56FC4E88B11CD515 /* inftrees.c */,
				C988E765EECF4398A4278CB3 /* trees.c */,
				1B8D27EF03B5422B9AB48B85 /* uncompr.c */,
				25EC267D25CA44FBA545A6BC /* zutil.c */,
				866696C116FD477E9986C542 /* Base64.m */,
				0064890B48EB48049D3E5D54 /* UNIHTTPClientHelper.m */,
				C3693655DB4D48DF9CFB79BD /* UNIHTTPRequest.m */,
				0321EE8021FD43608E10AB43 /* UNIHTTPRequestWithBody.m */,
				AD4235DBDED84D8BAC471026 /* UNIRest.m */,
				32B0F6DF7F904D5C92063DFE /* UNIUrlConnection.m */,
				E4466C0681264E65AB4CCDE8 /* UNIBaseRequest.m */,
				A3961DE7CA544255A4F8FC24 /* UNIBodyRequest.m */,
				6419C162197344F5B24CE393 /* UNISimpleRequest.m */,
				DF4895C42F784B9D8E22227B /* UNIHTTPBinaryResponse.m */,
				CBD9EA32B1084B06971954CE /* UNIHTTPJsonResponse.m */,
				38E9BEBE90BD4682BB234055 /* UNIHTTPResponse.m */,
				1978EDA4E5814D6688169599 /* UNIHTTPStringResponse.m */,
				4ECEBAE01D8B454CAA64154C /* UNIJsonNode.m */,
				57376EB3825D4B47AE0AE07A /* IonicConstant.h */,
				8BD95773D1EB4D0EB5F6B3B4 /* IonicDeploy.h */,
				ED1A6D5E890147AEA885E6A6 /* Download.h */,
				B7F3C5951BC6408EBD778121 /* DownloadManager.h */,
				7144D478852344F0A9C36E84 /* SSZipArchive.h */,
				AAED6EE4BFD540C081204EFC /* ARCHelper.h */,
				1501A67C7CC44338A84C5B37 /* crypt.h */,
				7C922E52B5CB4941A8248270 /* ioapi.h */,
				090CE44C238543A0A5143FCE /* unzip.h */,
				DEA541C632AC4A668893C3BA /* zip.h */,
				FD1ED22F8A554B128CC651F7 /* crc32.h */,
				C125CC7F24904C079F70D470 /* deflate.h */,
				83A74234D3944309822389D0 /* gzguts.h */,
				5BDA53CA26AC4370B28D4D20 /* inffast.h */,
				08688A1B403E423BA752360A /* inffixed.h */,
				0B490BD0D2AB4AB1AB9B8E28 /* inflate.h */,
				1192368666F1414E8BADD466 /* inftrees.h */,
				2477B4C925E84340A554FD11 /* trees.h */,
				209FDD20C32842CDB7239656 /* zconf.h */,
				A8A6FCD6F1CB460FAC34A6CA /* zlib.h */,
				9C51C1C647AE44E4A19B5783 /* zutil.h */,
				C70EE856392C48A587E2F1C8 /* Base64.h */,
				AE9D711B89F940729B879A75 /* UNIHTTPClientHelper.h */,
				CB107FA497C74921817620B7 /* UNIHTTPRequest.h */,
				BB93FD394B064033B2CA53EC /* UNIHTTPRequestWithBody.h */,
				6ECCB15D1BDB4A98ACB45BE5 /* Unirest-Prefix.pch */,
				A82918BC3CBB41758A7D4BC6 /* UNIRest.h */,
				8BBB2E424725447DB8CD53BE /* UNIUrlConnection.h */,
				D7DA74B5E0C54BD7BD03B0BD /* UNIBaseRequest.h */,
				B45025F109D14714A4EC1517 /* UNIBodyRequest.h */,
				F6B6BDAE7F6243E7B9BFE14F /* UNISimpleRequest.h */,
				DB8298B2FB2345579F57D8BA /* UNIHTTPBinaryResponse.h */,
				7C913D20A2B74D91BA835771 /* UNIHTTPJsonResponse.h */,
				1DD8CD74DB02488D988E26C4 /* UNIHTTPResponse.h */,
				FAF186AF53FC4338A6072C99 /* UNIHTTPStringResponse.h */,
				AA379D3300DE436DAFC7AF47 /* UNIJsonNode.h */,
				4B91CB4D922B48FF9EEE1EBB /* IonicKeyboard.m */,
				3EB7DA063FAE4E2ABBB4A976 /* IonicKeyboard.h */,
			);
			name = Plugins;
			path = "elephant/Plugins";
			sourceTree = SOURCE_ROOT;
		};
		EB87FDF11871DA420020F90C /* Staging */ = {
			isa = PBXGroup;
			children = (
				F840E1F0165FE0F500CFE078 /* config.xml */,
				301BF56E109A69640062928A /* www */,
			);
			name = Staging;
			sourceTree = "<group>";
		};
/* End PBXGroup section */

/* Begin PBXNativeTarget section */
		1D6058900D05DD3D006BFB54 /* elephant */ = {
			isa = PBXNativeTarget;
			buildConfigurationList = 1D6058960D05DD3E006BFB54 /* Build configuration list for PBXNativeTarget "elephant" */;
			buildPhases = (
				304B58A110DAC018002A0835 /* Copy www directory */,
				1D60588D0D05DD3D006BFB54 /* Resources */,
				1D60588E0D05DD3D006BFB54 /* Sources */,
				1D60588F0D05DD3D006BFB54 /* Frameworks */,
			);
			buildRules = (
			);
			dependencies = (
				301BF551109A68C00062928A /* PBXTargetDependency */,
			);
			name = "elephant";
			productName = "elephant";
			productReference = 1D6058910D05DD3D006BFB54 /* elephant.app */;
			productType = "com.apple.product-type.application";
		};
/* End PBXNativeTarget section */

/* Begin PBXProject section */
		29B97313FDCFA39411CA2CEA /* Project object */ = {
			isa = PBXProject;
			attributes = {
				LastUpgradeCheck = 510;
			};
			buildConfigurationList = C01FCF4E08A954540054247B /* Build configuration list for PBXProject "__NON-CLI__" */;
			compatibilityVersion = "Xcode 3.2";
			developmentRegion = English;
			hasScannedForEncodings = 1;
			mainGroup = 29B97314FDCFA39411CA2CEA /* CustomTemplate */;
			projectDirPath = "";
			projectReferences = (
				{
					ProductGroup = 301BF52E109A57CC0062928A /* Products */;
					ProjectRef = 301BF52D109A57CC0062928A /* CordovaLib.xcodeproj */;
				},
			);
			projectRoot = "";
			targets = (
				1D6058900D05DD3D006BFB54 /* elephant */,
			);
		};
/* End PBXProject section */

/* Begin PBXReferenceProxy section */
		301BF535109A57CC0062928A /* libCordova.a */ = {
			isa = PBXReferenceProxy;
			fileType = archive.ar;
			path = libCordova.a;
			remoteRef = 301BF534109A57CC0062928A /* PBXContainerItemProxy */;
			sourceTree = BUILT_PRODUCTS_DIR;
		};
/* End PBXReferenceProxy section */

/* Begin PBXResourcesBuildPhase section */
		1D60588D0D05DD3D006BFB54 /* Resources */ = {
			isa = PBXResourcesBuildPhase;
			buildActionMask = 2147483647;
			files = (
				302D95F214D2391D003F00A1 /* MainViewController.xib in Resources */,
				0207DA581B56EA530066E2B4 /* Images.xcassets in Resources */,
			);
			runOnlyForDeploymentPostprocessing = 0;
		};
/* End PBXResourcesBuildPhase section */

/* Begin PBXShellScriptBuildPhase section */
		304B58A110DAC018002A0835 /* Copy www directory */ = {
			isa = PBXShellScriptBuildPhase;
			buildActionMask = 2147483647;
			files = (
			);
			inputPaths = (
			);
			name = "Copy www directory";
			outputPaths = (
			);
			runOnlyForDeploymentPostprocessing = 0;
			shellPath = /bin/sh;
			shellScript = "NODEJS_PATH=/usr/local/bin; NVM_NODE_PATH=~/.nvm/versions/node/`nvm version 2>/dev/null`/bin; N_NODE_PATH=`find /usr/local/n/versions/node/* -maxdepth 0 -type d 2>/dev/null | tail -1`/bin; XCODE_NODE_PATH=`xcode-select --print-path`/usr/share/xcs/Node/bin; PATH=$NODEJS_PATH:$NVM_NODE_PATH:$N_NODE_PATH:$XCODE_NODE_PATH:$PATH && node cordova/lib/copy-www-build-step.js";
			showEnvVarsInLog = 0;
		};
/* End PBXShellScriptBuildPhase section */

/* Begin PBXSourcesBuildPhase section */
		1D60588E0D05DD3D006BFB54 /* Sources */ = {
			isa = PBXSourcesBuildPhase;
			buildActionMask = 2147483647;
			files = (
				1D60589B0D05DD56006BFB54 /* main.m in Sources */,
				1D3623260D0F684500981E51 /* AppDelegate.m in Sources */,
				302D95F114D2391D003F00A1 /* MainViewController.m in Sources */,
				420DBA62AA704D1EB358E2C5 /* UIImage+CropScaleOrientation.m in Sources */,
				9C09E9ACCC3846159D6105AA /* CDVCamera.m in Sources */,
				185B53A371B54100AD5E83C0 /* CDVJpegHeaderWriter.m in Sources */,
				BE3C2F9B151B4909B929978A /* CDVDevice.m in Sources */,
				25DFD36B025E40AEB6DE242C /* CDVFile.m in Sources */,
				97325EA0162846FEB219B9FE /* CDVLocalFilesystem.m in Sources */,
				0620C811B25140E2AB133B76 /* CDVAssetLibraryFilesystem.m in Sources */,
				0506210D8E85457199A4D049 /* CDVFileTransfer.m in Sources */,
				D370C50A44AA48AB9B9A7214 /* CDVSplashScreen.m in Sources */,
				1FA4634F1B044C7296A79487 /* CDVViewController+SplashScreen.m in Sources */,
				F00FFDBD64F940F2A2B4F670 /* CDVStatusBar.m in Sources */,
				F8259705CFE34279B800FF11 /* IonicConstant.m in Sources */,
				00AC05CB83A64DCDBF4EAEDD /* IonicDeploy.m in Sources */,
				DC70128E1457455486D16762 /* Download.m in Sources */,
				D8A940D98D8540C39A1370B6 /* DownloadManager.m in Sources */,
				CE7342FC3BDD49498154FDFE /* SSZipArchive.m in Sources */,
				392190A3646A478EBF05EBAA /* ioapi.c in Resources */,
				8290AF96134C4E5285D64A40 /* unzip.c in Resources */,
				A665AEE66C6E4F77A908A8EF /* zip.c in Resources */,
				185638426855486089E6DB50 /* adler32.c in Resources */,
				F50BB02BEE2A4276BD992B5C /* compress.c in Resources */,
				EB9D33DAA9A74F20887CB633 /* crc32.c in Resources */,
				DA4319EAD9704E199E16D085 /* deflate.c in Resources */,
				EB470F4D37794ECF8D320DDB /* gzclose.c in Resources */,
				0D99D15FECE54913A957F961 /* gzlib.c in Resources */,
				AA513244BF1740548EAE3B86 /* gzread.c in Resources */,
				3BC5886F51DB4D23B0DDC65C /* gzwrite.c in Resources */,
				682C724334744BC1ADAFB279 /* infback.c in Resources */,
				0CD6CBF62AC04DFCA890857E /* inffast.c in Resources */,
				DA0416C55A904463A6D5BF00 /* inflate.c in Resources */,
				A83BFFCDF0184CD692D274C0 /* inftrees.c in Resources */,
				E64825FD539C4D7F9111500C /* trees.c in Resources */,
				F41F772F48844F39B0A730CB /* uncompr.c in Resources */,
				8C2F8C9AF1924CFB83A11C06 /* zutil.c in Resources */,
				E49F75FCF6BB468CB7B44DB2 /* Base64.m in Sources */,
				DCA49A1528D844FCB53C07DF /* UNIHTTPClientHelper.m in Sources */,
				3207FC9893D440DCA92BFAE3 /* UNIHTTPRequest.m in Sources */,
				39B661529E0B486F882B269E /* UNIHTTPRequestWithBody.m in Sources */,
				6C2483A8B984428F9AF4F6E1 /* UNIRest.m in Sources */,
				6653F865BE2049D49CF004F2 /* UNIUrlConnection.m in Sources */,
				BCF4368E6F834437B17EDA38 /* UNIBaseRequest.m in Sources */,
				C55CC91DA38C4E1DA120AC4E /* UNIBodyRequest.m in Sources */,
				E343580F4EBD4BD9A030EC73 /* UNISimpleRequest.m in Sources */,
				9A8CDA0AB65C4FCA93D424B3 /* UNIHTTPBinaryResponse.m in Sources */,
				EEA8580E37D1490DB535CD48 /* UNIHTTPJsonResponse.m in Sources */,
				6417E4B8ECAA44C4BAE40361 /* UNIHTTPResponse.m in Sources */,
				FFFA5C944A6A4453BFDC49B8 /* UNIHTTPStringResponse.m in Sources */,
				50E1E7FCF5FB4E1692D8A85D /* UNIJsonNode.m in Sources */,
				2C4745E26F1B45C3A6DE2771 /* IonicKeyboard.m in Sources */,
			);
			runOnlyForDeploymentPostprocessing = 0;
		};
/* End PBXSourcesBuildPhase section */

/* Begin PBXTargetDependency section */
		301BF551109A68C00062928A /* PBXTargetDependency */ = {
			isa = PBXTargetDependency;
			name = CordovaLib;
			targetProxy = 301BF550109A68C00062928A /* PBXContainerItemProxy */;
		};
/* End PBXTargetDependency section */

/* Begin XCBuildConfiguration section */
		1D6058940D05DD3E006BFB54 /* Debug */ = {
			isa = XCBuildConfiguration;
			baseConfigurationReference = 3047A50F1AB8059700498E2A /* build-debug.xcconfig */;
			buildSettings = {
				ALWAYS_SEARCH_USER_PATHS = NO;
				ASSETCATALOG_COMPILER_APPICON_NAME = AppIcon;
				ASSETCATALOG_COMPILER_LAUNCHIMAGE_NAME = LaunchImage;
				CLANG_ENABLE_MODULES = YES;
				CLANG_ENABLE_OBJC_ARC = YES;
				COPY_PHASE_STRIP = NO;
				GCC_DYNAMIC_NO_PIC = NO;
				GCC_OPTIMIZATION_LEVEL = 0;
				GCC_PRECOMPILE_PREFIX_HEADER = YES;
				GCC_PREFIX_HEADER = "elephant/elephant-Prefix.pch";
				GCC_THUMB_SUPPORT = NO;
				GCC_VERSION = "";
				INFOPLIST_FILE = "elephant/elephant-Info.plist";
				LD_RUNPATH_SEARCH_PATHS = "@executable_path/Frameworks";
				PRODUCT_NAME = "elephant";
			};
			name = Debug;
		};
		1D6058950D05DD3E006BFB54 /* Release */ = {
			isa = XCBuildConfiguration;
			baseConfigurationReference = 3047A5101AB8059700498E2A /* build-release.xcconfig */;
			buildSettings = {
				ALWAYS_SEARCH_USER_PATHS = NO;
				ASSETCATALOG_COMPILER_APPICON_NAME = AppIcon;
				ASSETCATALOG_COMPILER_LAUNCHIMAGE_NAME = LaunchImage;
				CLANG_ENABLE_MODULES = YES;
				CLANG_ENABLE_OBJC_ARC = YES;
				COPY_PHASE_STRIP = YES;
				GCC_PRECOMPILE_PREFIX_HEADER = YES;
				GCC_PREFIX_HEADER = "elephant/elephant-Prefix.pch";
				GCC_THUMB_SUPPORT = NO;
				GCC_VERSION = "";
				INFOPLIST_FILE = "elephant/elephant-Info.plist";
				PRODUCT_NAME = "elephant";
			};
			name = Release;
		};
		C01FCF4F08A954540054247B /* Debug */ = {
			isa = XCBuildConfiguration;
			baseConfigurationReference = 3047A5111AB8059700498E2A /* build.xcconfig */;
			buildSettings = {
				CLANG_ENABLE_MODULES = YES;
				CLANG_ENABLE_OBJC_ARC = YES;
				CLANG_WARN_BOOL_CONVERSION = YES;
				CLANG_WARN_CONSTANT_CONVERSION = YES;
				CLANG_WARN_EMPTY_BODY = YES;
				CLANG_WARN_ENUM_CONVERSION = YES;
				CLANG_WARN_INT_CONVERSION = YES;
				CLANG_WARN__DUPLICATE_METHOD_MATCH = YES;
				GCC_C_LANGUAGE_STANDARD = c99;
				GCC_THUMB_SUPPORT = NO;
				GCC_VERSION = "";
				GCC_WARN_ABOUT_RETURN_TYPE = YES;
				GCC_WARN_UNDECLARED_SELECTOR = YES;
				GCC_WARN_UNINITIALIZED_AUTOS = YES;
				GCC_WARN_UNUSED_FUNCTION = YES;
				GCC_WARN_UNUSED_VARIABLE = YES;
				ONLY_ACTIVE_ARCH = YES;
				SDKROOT = iphoneos;
				SKIP_INSTALL = NO;
			};
			name = Debug;
		};
		C01FCF5008A954540054247B /* Release */ = {
			isa = XCBuildConfiguration;
			baseConfigurationReference = 3047A5111AB8059700498E2A /* build.xcconfig */;
			buildSettings = {
				CLANG_ENABLE_MODULES = YES;
				CLANG_ENABLE_OBJC_ARC = YES;
				CLANG_WARN_BOOL_CONVERSION = YES;
				CLANG_WARN_CONSTANT_CONVERSION = YES;
				CLANG_WARN_EMPTY_BODY = YES;
				CLANG_WARN_ENUM_CONVERSION = YES;
				CLANG_WARN_INT_CONVERSION = YES;
				CLANG_WARN__DUPLICATE_METHOD_MATCH = YES;
				GCC_C_LANGUAGE_STANDARD = c99;
				GCC_THUMB_SUPPORT = NO;
				GCC_VERSION = "";
				GCC_WARN_ABOUT_RETURN_TYPE = YES;
				GCC_WARN_UNDECLARED_SELECTOR = YES;
				GCC_WARN_UNINITIALIZED_AUTOS = YES;
				GCC_WARN_UNUSED_FUNCTION = YES;
				GCC_WARN_UNUSED_VARIABLE = YES;
				SDKROOT = iphoneos;
				SKIP_INSTALL = NO;
			};
			name = Release;
		};
/* End XCBuildConfiguration section */

/* Begin XCConfigurationList section */
		1D6058960D05DD3E006BFB54 /* Build configuration list for PBXNativeTarget "elephant" */ = {
			isa = XCConfigurationList;
			buildConfigurations = (
				1D6058940D05DD3E006BFB54 /* Debug */,
				1D6058950D05DD3E006BFB54 /* Release */,
			);
			defaultConfigurationIsVisible = 0;
			defaultConfigurationName = Release;
		};
		C01FCF4E08A954540054247B /* Build configuration list for PBXProject "__NON-CLI__" */ = {
			isa = XCConfigurationList;
			buildConfigurations = (
				C01FCF4F08A954540054247B /* Debug */,
				C01FCF5008A954540054247B /* Release */,
			);
			defaultConfigurationIsVisible = 0;
			defaultConfigurationName = Release;
		};
/* End XCConfigurationList section */
	};
	rootObject = 29B97313FDCFA39411CA2CEA /* Project object */;
}
